
Microsoft Visual Studio Solution File, Format Version 12.00
# Visual Studio Version 16
VisualStudioVersion = 16.0.31605.320
MinimumVisualStudioVersion = 10.0.40219.1
Project("{FAE04EC0-301F-11D3-BF4B-00C04F79EFBC}") = "PizzaOrderingSystemWebMVC", "PizzaOrderingSystemWebMVC\PizzaOrderingSystemWebMVC.csproj", "{6E349EF8-A251-4487-8258-17D99849C277}"
EndProject
Global
	GlobalSection(SolutionConfigurationPlatforms) = preSolution
		Debug|Any CPU = Debug|Any CPU
		Release|Any CPU = Release|Any CPU
	EndGlobalSection
	GlobalSection(ProjectConfigurationPlatforms) = postSolution
		{6E349EF8-A251-4487-8258-17D99849C277}.Debug|Any CPU.ActiveCfg = Debug|Any CPU
		{6E349EF8-A251-4487-8258-17D99849C277}.Debug|Any CPU.Build.0 = Debug|Any CPU
		{6E349EF8-A251-4487-8258-17D99849C277}.Release|Any CPU.ActiveCfg = Release|Any CPU
		{6E349EF8-A251-4487-8258-17D99849C277}.Release|Any CPU.Build.0 = Release|Any CPU
	EndGlobalSection
	GlobalSection(SolutionProperties) = preSolution
		HideSolutionNode = FALSE
	EndGlobalSection
	GlobalSection(ExtensibilityGlobals) = postSolution
		SolutionGuid = {4DF5FD2C-1B35-4410-8021-028397C2841F}
	EndGlobalSection
EndGlobal
